// !$*UTF8*$!
{
	archiveVersion = 1;
	classes = {
	};
	objectVersion = 46;
	objects = {

/* Begin PBXBuildFile section */
		63988BCE1C1AC365003225E5 /* AppDelegate.swift in Sources */ = {isa = PBXBuildFile; fileRef = 63988BCD1C1AC365003225E5 /* AppDelegate.swift */; };
		63988BD31C1AC365003225E5 /* Main.storyboard in Resources */ = {isa = PBXBuildFile; fileRef = 63988BD11C1AC365003225E5 /* Main.storyboard */; };
		63988BD51C1AC365003225E5 /* Assets.xcassets in Resources */ = {isa = PBXBuildFile; fileRef = 63988BD41C1AC365003225E5 /* Assets.xcassets */; };
		63988BD81C1AC365003225E5 /* LaunchScreen.storyboard in Resources */ = {isa = PBXBuildFile; fileRef = 63988BD61C1AC365003225E5 /* LaunchScreen.storyboard */; };
		63988BE31C1AC365003225E5 /* MUSICPLAYERTests.swift in Sources */ = {isa = PBXBuildFile; fileRef = 63988BE21C1AC365003225E5 /* MUSICPLAYERTests.swift */; };
		63988BEE1C1AC365003225E5 /* MUSICPLAYERUITests.swift in Sources */ = {isa = PBXBuildFile; fileRef = 63988BED1C1AC365003225E5 /* MUSICPLAYERUITests.swift */; };
		63988BFC1C1AC577003225E5 /* MusicTableViewController.swift in Sources */ = {isa = PBXBuildFile; fileRef = 63988BFB1C1AC577003225E5 /* MusicTableViewController.swift */; settings = {ASSET_TAGS = (); }; };
		63988C021C1AC5DB003225E5 /* 01.mp3 in Resources */ = {isa = PBXBuildFile; fileRef = 63988C011C1AC5DB003225E5 /* 01.mp3 */; settings = {ASSET_TAGS = (); }; };
		63988C041C1AC738003225E5 /* song.swift in Sources */ = {isa = PBXBuildFile; fileRef = 63988C031C1AC738003225E5 /* song.swift */; settings = {ASSET_TAGS = (); }; };
/* End PBXBuildFile section */

/* Begin PBXContainerItemProxy section */
		63988BDF1C1AC365003225E5 /* PBXContainerItemProxy */ = {
			isa = PBXContainerItemProxy;
			containerPortal = 63988BC21C1AC365003225E5 /* Project object */;
			proxyType = 1;
			remoteGlobalIDString = 63988BC91C1AC365003225E5;
			remoteInfo = MUSICPLAYER;
		};
		63988BEA1C1AC365003225E5 /* PBXContainerItemProxy */ = {
			isa = PBXContainerItemProxy;
			containerPortal = 63988BC21C1AC365003225E5 /* Project object */;
			proxyType = 1;
			remoteGlobalIDString = 63988BC91C1AC365003225E5;
			remoteInfo = MUSICPLAYER;
		};
/* End PBXContainerItemProxy section */

/* Begin PBXFileReference section */
		63988BCA1C1AC365003225E5 /* MUSICPLAYER.app */ = {isa = PBXFileReference; explicitFileType = wrapper.application; includeInIndex = 0; path = MUSICPLAYER.app; sourceTree = BUILT_PRODUCTS_DIR; };
		63988BCD1C1AC365003225E5 /* AppDelegate.swift */ = {isa = PBXFileReference; lastKnownFileType = sourcecode.swift; path = AppDelegate.swift; sourceTree = "<group>"; };
		63988BD21C1AC365003225E5 /* Base */ = {isa = PBXFileReference; lastKnownFileType = file.storyboard; name = Base; path = Base.lproj/Main.storyboard; sourceTree = "<group>"; };
		63988BD41C1AC365003225E5 /* Assets.xcassets */ = {isa = PBXFileReference; lastKnownFileType = folder.assetcatalog; path = Assets.xcassets; sourceTree = "<group>"; };
		63988BD71C1AC365003225E5 /* Base */ = {isa = PBXFileReference; lastKnownFileType = file.storyboard; name = Base; path = Base.lproj/LaunchScreen.storyboard; sourceTree = "<group>"; };
		63988BD91C1AC365003225E5 /* Info.plist */ = {isa = PBXFileReference; lastKnownFileType = text.plist.xml; path = Info.plist; sourceTree = "<group>"; };
		63988BDE1C1AC365003225E5 /* MUSICPLAYERTests.xctest */ = {isa = PBXFileReference; explicitFileType = wrapper.cfbundle; includeInIndex = 0; path = MUSICPLAYERTests.xctest; sourceTree = BUILT_PRODUCTS_DIR; };
		63988BE21C1AC365003225E5 /* MUSICPLAYERTests.swift */ = {isa = PBXFileReference; lastKnownFileType = sourcecode.swift; path = MUSICPLAYERTests.swift; sourceTree = "<group>"; };
		63988BE41C1AC365003225E5 /* Info.plist */ = {isa = PBXFileReference; lastKnownFileType = text.plist.xml; path = Info.plist; sourceTree = "<group>"; };
		63988BE91C1AC365003225E5 /* MUSICPLAYERUITests.xctest */ = {isa = PBXFileReference; explicitFileType = wrapper.cfbundle; includeInIndex = 0; path = MUSICPLAYERUITests.xctest; sourceTree = BUILT_PRODUCTS_DIR; };
		63988BED1C1AC365003225E5 /* MUSICPLAYERUITests.swift */ = {isa = PBXFileReference; lastKnownFileType = sourcecode.swift; path = MUSICPLAYERUITests.swift; sourceTree = "<group>"; };
		63988BEF1C1AC365003225E5 /* Info.plist */ = {isa = PBXFileReference; lastKnownFileType = text.plist.xml; path = Info.plist; sourceTree = "<group>"; };
		63988BFB1C1AC577003225E5 /* MusicTableViewController.swift */ = {isa = PBXFileReference; fileEncoding = 4; lastKnownFileType = sourcecode.swift; path = MusicTableViewController.swift; sourceTree = "<group>"; };
		63988C011C1AC5DB003225E5 /* 01.mp3 */ = {isa = PBXFileReference; lastKnownFileType = audio.mp3; path = 01.mp3; sourceTree = "<group>"; };
		63988C031C1AC738003225E5 /* song.swift */ = {isa = PBXFileReference; fileEncoding = 4; lastKnownFileType = sourcecode.swift; path = song.swift; sourceTree = "<group>"; };
/* End PBXFileReference section */

/* Begin PBXFrameworksBuildPhase section */
		63988BC71C1AC365003225E5 /* Frameworks */ = {
			isa = PBXFrameworksBuildPhase;
			buildActionMask = 2147483647;
			files = (
			);
			runOnlyForDeploymentPostprocessing = 0;
		};
		63988BDB1C1AC365003225E5 /* Frameworks */ = {
			isa = PBXFrameworksBuildPhase;
			buildActionMask = 2147483647;
			files = (
			);
			runOnlyForDeploymentPostprocessing = 0;
		};
		63988BE61C1AC365003225E5 /* Frameworks */ = {
			isa = PBXFrameworksBuildPhase;
			buildActionMask = 2147483647;
			files = (
			);
			runOnlyForDeploymentPostprocessing = 0;
		};
/* End PBXFrameworksBuildPhase section */

/* Begin PBXGroup section */
		63988BC11C1AC365003225E5 = {
			isa = PBXGroup;
			children = (
				63988BCC1C1AC365003225E5 /* MUSICPLAYER */,
				63988BE11C1AC365003225E5 /* MUSICPLAYERTests */,
				63988BEC1C1AC365003225E5 /* MUSICPLAYERUITests */,
				63988BCB1C1AC365003225E5 /* Products */,
				63988C011C1AC5DB003225E5 /* 01.mp3 */,
			);
			sourceTree = "<group>";
		};
		63988BCB1C1AC365003225E5 /* Products */ = {
			isa = PBXGroup;
			children = (
				63988BCA1C1AC365003225E5 /* MUSICPLAYER.app */,
				63988BDE1C1AC365003225E5 /* MUSICPLAYERTests.xctest */,
				63988BE91C1AC365003225E5 /* MUSICPLAYERUITests.xctest */,
			);
			name = Products;
			sourceTree = "<group>";
		};
		63988BCC1C1AC365003225E5 /* MUSICPLAYER */ = {
			isa = PBXGroup;
			children = (
				63988BFB1C1AC577003225E5 /* MusicTableViewController.swift */,
				63988BCD1C1AC365003225E5 /* AppDelegate.swift */,
				63988BD11C1AC365003225E5 /* Main.storyboard */,
				63988BD41C1AC365003225E5 /* Assets.xcassets */,
				63988BD61C1AC365003225E5 /* LaunchScreen.storyboard */,
				63988BD91C1AC365003225E5 /* Info.plist */,
				63988C031C1AC738003225E5 /* song.swift */,
			);
			path = MUSICPLAYER;
			sourceTree = "<group>";
		};
		63988BE11C1AC365003225E5 /* MUSICPLAYERTests */ = {
			isa = PBXGroup;
			children = (
				63988BE21C1AC365003225E5 /* MUSICPLAYERTests.swift */,
				63988BE41C1AC365003225E5 /* Info.plist */,
			);
			path = MUSICPLAYERTests;
			sourceTree = "<group>";
		};
		63988BEC1C1AC365003225E5 /* MUSICPLAYERUITests */ = {
			isa = PBXGroup;
			children = (
				63988BED1C1AC365003225E5 /* MUSICPLAYERUITests.swift */,
				63988BEF1C1AC365003225E5 /* Info.plist */,
			);
			path = MUSICPLAYERUITests;
			sourceTree = "<group>";
		};
/* End PBXGroup section */

/* Begin PBXNativeTarget section */
		63988BC91C1AC365003225E5 /* MUSICPLAYER */ = {
			isa = PBXNativeTarget;
			buildConfigurationList = 63988BF21C1AC365003225E5 /* Build configuration list for PBXNativeTarget "MUSICPLAYER" */;
			buildPhases = (
				63988BC61C1AC365003225E5 /* Sources */,
				63988BC71C1AC365003225E5 /* Frameworks */,
				63988BC81C1AC365003225E5 /* Resources */,
			);
			buildRules = (
			);
			dependencies = (
			);
			name = MUSICPLAYER;
			productName = MUSICPLAYER;
			productReference = 63988BCA1C1AC365003225E5 /* MUSICPLAYER.app */;
			productType = "com.apple.product-type.application";
		};
		63988BDD1C1AC365003225E5 /* MUSICPLAYERTests */ = {
			isa = PBXNativeTarget;
			buildConfigurationList = 63988BF51C1AC365003225E5 /* Build configuration list for PBXNativeTarget "MUSICPLAYERTests" */;
			buildPhases = (
				63988BDA1C1AC365003225E5 /* Sources */,
				63988BDB1C1AC365003225E5 /* Frameworks */,
				63988BDC1C1AC365003225E5 /* Resources */,
			);
			buildRules = (
			);
			dependencies = (
				63988BE01C1AC365003225E5 /* PBXTargetDependency */,
			);
			name = MUSICPLAYERTests;
			productName = MUSICPLAYERTests;
			productReference = 63988BDE1C1AC365003225E5 /* MUSICPLAYERTests.xctest */;
			productType = "com.apple.product-type.bundle.unit-test";
		};
		63988BE81C1AC365003225E5 /* MUSICPLAYERUITests */ = {
			isa = PBXNativeTarget;
			buildConfigurationList = 63988BF81C1AC365003225E5 /* Build configuration list for PBXNativeTarget "MUSICPLAYERUITests" */;
			buildPhases = (
				63988BE51C1AC365003225E5 /* Sources */,
				63988BE61C1AC365003225E5 /* Frameworks */,
				63988BE71C1AC365003225E5 /* Resources */,
			);
			buildRules = (
			);
			dependencies = (
				63988BEB1C1AC365003225E5 /* PBXTargetDependency */,
			);
			name = MUSICPLAYERUITests;
			productName = MUSICPLAYERUITests;
			productReference = 63988BE91C1AC365003225E5 /* MUSICPLAYERUITests.xctest */;
			productType = "com.apple.product-type.bundle.ui-testing";
		};
/* End PBXNativeTarget section */

/* Begin PBXProject section */
		63988BC21C1AC365003225E5 /* Project object */ = {
			isa = PBXProject;
			attributes = {
				LastUpgradeCheck = 0700;
				ORGANIZATIONNAME = Gatsby;
				TargetAttributes = {
					63988BC91C1AC365003225E5 = {
						CreatedOnToolsVersion = 7.0.1;
					};
					63988BDD1C1AC365003225E5 = {
						CreatedOnToolsVersion = 7.0.1;
						TestTargetID = 63988BC91C1AC365003225E5;
					};
					63988BE81C1AC365003225E5 = {
						CreatedOnToolsVersion = 7.0.1;
						TestTargetID = 63988BC91C1AC365003225E5;
					};
				};
			};
			buildConfigurationList = 63988BC51C1AC365003225E5 /* Build configuration list for PBXProject "MUSICPLAYER" */;
			compatibilityVersion = "Xcode 3.2";
			developmentRegion = English;
			hasScannedForEncodings = 0;
			knownRegions = (
				en,
				Base,
			);
			mainGroup = 63988BC11C1AC365003225E5;
			productRefGroup = 63988BCB1C1AC365003225E5 /* Products */;
			projectDirPath = "";
			projectRoot = "";
			targets = (
				63988BC91C1AC365003225E5 /* MUSICPLAYER */,
				63988BDD1C1AC365003225E5 /* MUSICPLAYERTests */,
				63988BE81C1AC365003225E5 /* MUSICPLAYERUITests */,
			);
		};
/* End PBXProject section */

/* Begin PBXResourcesBuildPhase section */
		63988BC81C1AC365003225E5 /* Resources */ = {
			isa = PBXResourcesBuildPhase;
			buildActionMask = 2147483647;
			files = (
				63988BD81C1AC365003225E5 /* LaunchScreen.storyboard in Resources */,
				63988C021C1AC5DB003225E5 /* 01.mp3 in Resources */,
				63988BD51C1AC365003225E5 /* Assets.xcassets in Resources */,
				63988BD31C1AC365003225E5 /* Main.storyboard in Resources */,
			);
			runOnlyForDeploymentPostprocessing = 0;
		};
		63988BDC1C1AC365003225E5 /* Resources */ = {
			isa = PBXResourcesBuildPhase;
			buildActionMask = 2147483647;
			files = (
			);
			runOnlyForDeploymentPostprocessing = 0;
		};
		63988BE71C1AC365003225E5 /* Resources */ = {
			isa = PBXResourcesBuildPhase;
			buildActionMask = 2147483647;
			files = (
			);
			runOnlyForDeploymentPostprocessing = 0;
		};
/* End PBXResourcesBuildPhase section */

/* Begin PBXSourcesBuildPhase section */
		63988BC61C1AC365003225E5 /* Sources */ = {
			isa = PBXSourcesBuildPhase;
			buildActionMask = 2147483647;
			files = (
				63988BCE1C1AC365003225E5 /* AppDelegate.swift in Sources */,
				63988BFC1C1AC577003225E5 /* MusicTableViewController.swift in Sources */,
				63988C041C1AC738003225E5 /* song.swift in Sources */,
			);
			runOnlyForDeploymentPostprocessing = 0;
		};
		63988BDA1C1AC365003225E5 /* Sources */ = {
			isa = PBXSourcesBuildPhase;
			buildActionMask = 2147483647;
			files = (
				63988BE31C1AC365003225E5 /* MUSICPLAYERTests.swift in Sources */,
			);
			runOnlyForDeploymentPostprocessing = 0;
		};
		63988BE51C1AC365003225E5 /* Sources */ = {
			isa = PBXSourcesBuildPhase;
			buildActionMask = 2147483647;
			files = (
				63988BEE1C1AC365003225E5 /* MUSICPLAYERUITests.swift in Sources */,
			);
			runOnlyForDeploymentPostprocessing = 0;
		};
/* End PBXSourcesBuildPhase section */

/* Begin PBXTargetDependency section */
		63988BE01C1AC365003225E5 /* PBXTargetDependency */ = {
			isa = PBXTargetDependency;
			target = 63988BC91C1AC365003225E5 /* MUSICPLAYER */;
			targetProxy = 63988BDF1C1AC365003225E5 /* PBXContainerItemProxy */;
		};
		63988BEB1C1AC365003225E5 /* PBXTargetDependency */ = {
			isa = PBXTargetDependency;
			target = 63988BC91C1AC365003225E5 /* MUSICPLAYER */;
			targetProxy = 63988BEA1C1AC365003225E5 /* PBXContainerItemProxy */;
		};
/* End PBXTargetDependency section */

/* Begin PBXVariantGroup section */
		63988BD11C1AC365003225E5 /* Main.storyboard */ = {
			isa = PBXVariantGroup;
			children = (
				63988BD21C1AC365003225E5 /* Base */,
			);
			name = Main.storyboard;
			sourceTree = "<group>";
		};
		63988BD61C1AC365003225E5 /* LaunchScreen.storyboard */ = {
			isa = PBXVariantGroup;
			children = (
				63988BD71C1AC365003225E5 /* Base */,
			);
			name = LaunchScreen.storyboard;
			sourceTree = "<group>";
		};
/* End PBXVariantGroup section */

/* Begin XCBuildConfiguration section */
		63988BF01C1AC365003225E5 /* Debug */ = {
			isa = XCBuildConfiguration;
			buildSettings = {
				ALWAYS_SEARCH_USER_PATHS = NO;
				CLANG_CXX_LANGUAGE_STANDARD = "gnu++0x";
				CLANG_CXX_LIBRARY = "libc++";
				CLANG_ENABLE_MODULES = YES;
				CLANG_ENABLE_OBJC_ARC = YES;
				CLANG_WARN_BOOL_CONVERSION = YES;
				CLANG_WARN_CONSTANT_CONVERSION = YES;
				CLANG_WARN_DIRECT_OBJC_ISA_USAGE = YES_ERROR;
				CLANG_WARN_EMPTY_BODY = YES;
				CLANG_WARN_ENUM_CONVERSION = YES;
				CLANG_WARN_INT_CONVERSION = YES;
				CLANG_WARN_OBJC_ROOT_CLASS = YES_ERROR;
				CLANG_WARN_UNREACHABLE_CODE = YES;
				CLANG_WARN__DUPLICATE_METHOD_MATCH = YES;
				"CODE_SIGN_IDENTITY[sdk=iphoneos*]" = "iPhone Developer";
				COPY_PHASE_STRIP = NO;
				DEBUG_INFORMATION_FORMAT = dwarf;
				ENABLE_STRICT_OBJC_MSGSEND = YES;
				ENABLE_TESTABILITY = YES;
				GCC_C_LANGUAGE_STANDARD = gnu99;
				GCC_DYNAMIC_NO_PIC = NO;
				GCC_NO_COMMON_BLOCKS = YES;
				GCC_OPTIMIZATION_LEVEL = 0;
				GCC_PREPROCESSOR_DEFINITIONS = (
					"DEBUG=1",
					"$(inherited)",
				);
				GCC_WARN_64_TO_32_BIT_CONVERSION = YES;
				GCC_WARN_ABOUT_RETURN_TYPE = YES_ERROR;
				GCC_WARN_UNDECLARED_SELECTOR = YES;
				GCC_WARN_UNINITIALIZED_AUTOS = YES_AGGRESSIVE;
				GCC_WARN_UNUSED_FUNCTION = YES;
				GCC_WARN_UNUSED_VARIABLE = YES;
				IPHONEOS_DEPLOYMENT_TARGET = 9.0;
				MTL_ENABLE_DEBUG_INFO = YES;
				ONLY_ACTIVE_ARCH = YES;
				SDKROOT = iphoneos;
				SWIFT_OPTIMIZATION_LEVEL = "-Onone";
				TARGETED_DEVICE_FAMILY = "1,2";
			};
			name = Debug;
		};
		63988BF11C1AC365003225E5 /* Release */ = {
			isa = XCBuildConfiguration;
			buildSettings = {
				ALWAYS_SEARCH_USER_PATHS = NO;
				CLANG_CXX_LANGUAGE_STANDARD = "gnu++0x";
				CLANG_CXX_LIBRARY = "libc++";
				CLANG_ENABLE_MODULES = YES;
				CLANG_ENABLE_OBJC_ARC = YES;
				CLANG_WARN_BOOL_CONVERSION = YES;
				CLANG_WARN_CONSTANT_CONVERSION = YES;
				CLANG_WARN_DIRECT_OBJC_ISA_USAGE = YES_ERROR;
				CLANG_WARN_EMPTY_BODY = YES;
				CLANG_WARN_ENUM_CONVERSION = YES;
				CLANG_WARN_INT_CONVERSION = YES;
				CLANG_WARN_OBJC_ROOT_CLASS = YES_ERROR;
				CLANG_WARN_UNREACHABLE_CODE = YES;
				CLANG_WARN__DUPLICATE_METHOD_MATCH = YES;
				"CODE_SIGN_IDENTITY[sdk=iphoneos*]" = "iPhone Developer";
				COPY_PHASE_STRIP = NO;
				DEBUG_INFORMATION_FORMAT = "dwarf-with-dsym";
				ENABLE_NS_ASSERTIONS = NO;
				ENABLE_STRICT_OBJC_MSGSEND = YES;
				GCC_C_LANGUAGE_STANDARD = gnu99;
				GCC_NO_COMMON_BLOCKS = YES;
				GCC_WARN_64_TO_32_BIT_CONVERSION = YES;
				GCC_WARN_ABOUT_RETURN_TYPE = YES_ERROR;
				GCC_WARN_UNDECLARED_SELECTOR = YES;
				GCC_WARN_UNINITIALIZED_AUTOS = YES_AGGRESSIVE;
				GCC_WARN_UNUSED_FUNCTION = YES;
				GCC_WARN_UNUSED_VARIABLE = YES;
				IPHONEOS_DEPLOYMENT_TARGET = 9.0;
				MTL_ENABLE_DEBUG_INFO = NO;
				SDKROOT = iphoneos;
				TARGETED_DEVICE_FAMILY = "1,2";
				VALIDATE_PRODUCT = YES;
			};
			name = Release;
		};
		63988BF31C1AC365003225E5 /* Debug */ = {
			isa = XCBuildConfiguration;
			buildSettings = {
				ASSETCATALOG_COMPILER_APPICON_NAME = AppIcon;
				INFOPLIST_FILE = MUSICPLAYER/Info.plist;
				LD_RUNPATH_SEARCH_PATHS = "$(inherited) @executable_path/Frameworks";
				PRODUCT_BUNDLE_IDENTIFIER = f2.MUSICPLAYER;
				PRODUCT_NAME = "$(TARGET_NAME)";
			};
			name = Debug;
		};
		63988BF41C1AC365003225E5 /* Release */ = {
			isa = XCBuildConfiguration;
			buildSettings = {
				ASSETCATALOG_COMPILER_APPICON_NAME = AppIcon;
				INFOPLIST_FILE = MUSICPLAYER/Info.plist;
				LD_RUNPATH_SEARCH_PATHS = "$(inherited) @executable_path/Frameworks";
				PRODUCT_BUNDLE_IDENTIFIER = f2.MUSICPLAYER;
				PRODUCT_NAME = "$(TARGET_NAME)";
			};
			name = Release;
		};
		63988BF61C1AC365003225E5 /* Debug */ = {
			isa = XCBuildConfiguration;
			buildSettings = {
				BUNDLE_LOADER = "$(TEST_HOST)";
				INFOPLIST_FILE = MUSICPLAYERTests/Info.plist;
				LD_RUNPATH_SEARCH_PATHS = "$(inherited) @executable_path/Frameworks @loader_path/Frameworks";
				PRODUCT_BUNDLE_IDENTIFIER = f2.MUSICPLAYERTests;
				PRODUCT_NAME = "$(TARGET_NAME)";
				TEST_HOST = "$(BUILT_PRODUCTS_DIR)/MUSICPLAYER.app/MUSICPLAYER";
			};
			name = Debug;
		};
		63988BF71C1AC365003225E5 /* Release */ = {
			isa = XCBuildConfiguration;
			buildSettings = {
				BUNDLE_LOADER = "$(TEST_HOST)";
				INFOPLIST_FILE = MUSICPLAYERTests/Info.plist;
				LD_RUNPATH_SEARCH_PATHS = "$(inherited) @executable_path/Frameworks @loader_path/Frameworks";
				PRODUCT_BUNDLE_IDENTIFIER = f2.MUSICPLAYERTests;
				PRODUCT_NAME = "$(TARGET_NAME)";
				TEST_HOST = "$(BUILT_PRODUCTS_DIR)/MUSICPLAYER.app/MUSICPLAYER";
			};
			name = Release;
		};
		63988BF91C1AC365003225E5 /* Debug */ = {
			isa = XCBuildConfiguration;
			buildSettings = {
				INFOPLIST_FILE = MUSICPLAYERUITests/Info.plist;
				LD_RUNPATH_SEARCH_PATHS = "$(inherited) @executable_path/Frameworks @loader_path/Frameworks";
				PRODUCT_BUNDLE_IDENTIFIER = f2.MUSICPLAYERUITests;
				PRODUCT_NAME = "$(TARGET_NAME)";
				TEST_TARGET_NAME = MUSICPLAYER;
				USES_XCTRUNNER = YES;
			};
			name = Debug;
		};
		63988BFA1C1AC365003225E5 /* Release */ = {
			isa = XCBuildConfiguration;
			buildSettings = {
				INFOPLIST_FILE = MUSICPLAYERUITests/Info.plist;
				LD_RUNPATH_SEARCH_PATHS = "$(inherited) @executable_path/Frameworks @loader_path/Frameworks";
				PRODUCT_BUNDLE_IDENTIFIER = f2.MUSICPLAYERUITests;
				PRODUCT_NAME = "$(TARGET_NAME)";
				TEST_TARGET_NAME = MUSICPLAYER;
				USES_XCTRUNNER = YES;
			};
			name = Release;
		};
/* End XCBuildConfiguration section */

/* Begin XCConfigurationList section */
		63988BC51C1AC365003225E5 /* Build configuration list for PBXProject "MUSICPLAYER" */ = {
			isa = XCConfigurationList;
			buildConfigurations = (
				63988BF01C1AC365003225E5 /* Debug */,
				63988BF11C1AC365003225E5 /* Release */,
			);
			defaultConfigurationIsVisible = 0;
			defaultConfigurationName = Release;
		};
		63988BF21C1AC365003225E5 /* Build configuration list for PBXNativeTarget "MUSICPLAYER" */ = {
			isa = XCConfigurationList;
			buildConfigurations = (
				63988BF31C1AC365003225E5 /* Debug */,
				63988BF41C1AC365003225E5 /* Release */,
			);
			defaultConfigurationIsVisible = 0;
		};
		63988BF51C1AC365003225E5 /* Build configuration list for PBXNativeTarget "MUSICPLAYERTests" */ = {
			isa = XCConfigurationList;
			buildConfigurations = (
				63988BF61C1AC365003225E5 /* Debug */,
				63988BF71C1AC365003225E5 /* Release */,
			);
			defaultConfigurationIsVisible = 0;
		};
		63988BF81C1AC365003225E5 /* Build configuration list for PBXNativeTarget "MUSICPLAYERUITests" */ = {
			isa = XCConfigurationList;
			buildConfigurations = (
				63988BF91C1AC365003225E5 /* Debug */,
				63988BFA1C1AC365003225E5 /* Release */,
			);
			defaultConfigurationIsVisible = 0;
		};
/* End XCConfigurationList section */
	};
	rootObject = 63988BC21C1AC365003225E5 /* Project object */;
}
