// !$*UTF8*$!
{
	archiveVersion = 1;
	classes = {
	};
	objectVersion = 46;
	objects = {

/* Begin PBXBuildFile section */
		63D2EB7B1BABF87000F5D56C /* AppDelegate.swift in Sources */ = {isa = PBXBuildFile; fileRef = 63D2EB7A1BABF87000F5D56C /* AppDelegate.swift */; };
		63D2EB7D1BABF87000F5D56C /* ViewController.swift in Sources */ = {isa = PBXBuildFile; fileRef = 63D2EB7C1BABF87000F5D56C /* ViewController.swift */; };
		63D2EB801BABF87000F5D56C /* Main.storyboard in Resources */ = {isa = PBXBuildFile; fileRef = 63D2EB7E1BABF87000F5D56C /* Main.storyboard */; };
		63D2EB821BABF87000F5D56C /* Images.xcassets in Resources */ = {isa = PBXBuildFile; fileRef = 63D2EB811BABF87000F5D56C /* Images.xcassets */; };
		63D2EB851BABF87000F5D56C /* LaunchScreen.xib in Resources */ = {isa = PBXBuildFile; fileRef = 63D2EB831BABF87000F5D56C /* LaunchScreen.xib */; };
		63D2EB911BABF87000F5D56C /* ttttTests.swift in Sources */ = {isa = PBXBuildFile; fileRef = 63D2EB901BABF87000F5D56C /* ttttTests.swift */; };
/* End PBXBuildFile section */

/* Begin PBXContainerItemProxy section */
		63D2EB8B1BABF87000F5D56C /* PBXContainerItemProxy */ = {
			isa = PBXContainerItemProxy;
			containerPortal = 63D2EB6D1BABF87000F5D56C /* Project object */;
			proxyType = 1;
			remoteGlobalIDString = 63D2EB741BABF87000F5D56C;
			remoteInfo = tttt;
		};
/* End PBXContainerItemProxy section */

/* Begin PBXFileReference section */
		63D2EB751BABF87000F5D56C /* tttt.app */ = {isa = PBXFileReference; explicitFileType = wrapper.application; includeInIndex = 0; path = tttt.app; sourceTree = BUILT_PRODUCTS_DIR; };
		63D2EB791BABF87000F5D56C /* Info.plist */ = {isa = PBXFileReference; lastKnownFileType = text.plist.xml; path = Info.plist; sourceTree = "<group>"; };
		63D2EB7A1BABF87000F5D56C /* AppDelegate.swift */ = {isa = PBXFileReference; lastKnownFileType = sourcecode.swift; path = AppDelegate.swift; sourceTree = "<group>"; };
		63D2EB7C1BABF87000F5D56C /* ViewController.swift */ = {isa = PBXFileReference; lastKnownFileType = sourcecode.swift; path = ViewController.swift; sourceTree = "<group>"; };
		63D2EB7F1BABF87000F5D56C /* Base */ = {isa = PBXFileReference; lastKnownFileType = file.storyboard; name = Base; path = Base.lproj/Main.storyboard; sourceTree = "<group>"; };
		63D2EB811BABF87000F5D56C /* Images.xcassets */ = {isa = PBXFileReference; lastKnownFileType = folder.assetcatalog; path = Images.xcassets; sourceTree = "<group>"; };
		63D2EB841BABF87000F5D56C /* Base */ = {isa = PBXFileReference; lastKnownFileType = file.xib; name = Base; path = Base.lproj/LaunchScreen.xib; sourceTree = "<group>"; };
		63D2EB8A1BABF87000F5D56C /* ttttTests.xctest */ = {isa = PBXFileReference; explicitFileType = wrapper.cfbundle; includeInIndex = 0; path = ttttTests.xctest; sourceTree = BUILT_PRODUCTS_DIR; };
		63D2EB8F1BABF87000F5D56C /* Info.plist */ = {isa = PBXFileReference; lastKnownFileType = text.plist.xml; path = Info.plist; sourceTree = "<group>"; };
		63D2EB901BABF87000F5D56C /* ttttTests.swift */ = {isa = PBXFileReference; lastKnownFileType = sourcecode.swift; path = ttttTests.swift; sourceTree = "<group>"; };
/* End PBXFileReference section */

/* Begin PBXFrameworksBuildPhase section */
		63D2EB721BABF87000F5D56C /* Frameworks */ = {
			isa = PBXFrameworksBuildPhase;
			buildActionMask = 2147483647;
			files = (
			);
			runOnlyForDeploymentPostprocessing = 0;
		};
		63D2EB871BABF87000F5D56C /* Frameworks */ = {
			isa = PBXFrameworksBuildPhase;
			buildActionMask = 2147483647;
			files = (
			);
			runOnlyForDeploymentPostprocessing = 0;
		};
/* End PBXFrameworksBuildPhase section */

/* Begin PBXGroup section */
		63D2EB6C1BABF87000F5D56C = {
			isa = PBXGroup;
			children = (
				63D2EB771BABF87000F5D56C /* tttt */,
				63D2EB8D1BABF87000F5D56C /* ttttTests */,
				63D2EB761BABF87000F5D56C /* Products */,
			);
			sourceTree = "<group>";
		};
		63D2EB761BABF87000F5D56C /* Products */ = {
			isa = PBXGroup;
			children = (
				63D2EB751BABF87000F5D56C /* tttt.app */,
				63D2EB8A1BABF87000F5D56C /* ttttTests.xctest */,
			);
			name = Products;
			sourceTree = "<group>";
		};
		63D2EB771BABF87000F5D56C /* tttt */ = {
			isa = PBXGroup;
			children = (
				63D2EB7A1BABF87000F5D56C /* AppDelegate.swift */,
				63D2EB7C1BABF87000F5D56C /* ViewController.swift */,
				63D2EB7E1BABF87000F5D56C /* Main.storyboard */,
				63D2EB811BABF87000F5D56C /* Images.xcassets */,
				63D2EB831BABF87000F5D56C /* LaunchScreen.xib */,
				63D2EB781BABF87000F5D56C /* Supporting Files */,
			);
			path = tttt;
			sourceTree = "<group>";
		};
		63D2EB781BABF87000F5D56C /* Supporting Files */ = {
			isa = PBXGroup;
			children = (
				63D2EB791BABF87000F5D56C /* Info.plist */,
			);
			name = "Supporting Files";
			sourceTree = "<group>";
		};
		63D2EB8D1BABF87000F5D56C /* ttttTests */ = {
			isa = PBXGroup;
			children = (
				63D2EB901BABF87000F5D56C /* ttttTests.swift */,
				63D2EB8E1BABF87000F5D56C /* Supporting Files */,
			);
			path = ttttTests;
			sourceTree = "<group>";
		};
		63D2EB8E1BABF87000F5D56C /* Supporting Files */ = {
			isa = PBXGroup;
			children = (
				63D2EB8F1BABF87000F5D56C /* Info.plist */,
			);
			name = "Supporting Files";
			sourceTree = "<group>";
		};
/* End PBXGroup section */

/* Begin PBXNativeTarget section */
		63D2EB741BABF87000F5D56C /* tttt */ = {
			isa = PBXNativeTarget;
			buildConfigurationList = 63D2EB941BABF87000F5D56C /* Build configuration list for PBXNativeTarget "tttt" */;
			buildPhases = (
				63D2EB711BABF87000F5D56C /* Sources */,
				63D2EB721BABF87000F5D56C /* Frameworks */,
				63D2EB731BABF87000F5D56C /* Resources */,
			);
			buildRules = (
			);
			dependencies = (
			);
			name = tttt;
			productName = tttt;
			productReference = 63D2EB751BABF87000F5D56C /* tttt.app */;
			productType = "com.apple.product-type.application";
		};
		63D2EB891BABF87000F5D56C /* ttttTests */ = {
			isa = PBXNativeTarget;
			buildConfigurationList = 63D2EB971BABF87000F5D56C /* Build configuration list for PBXNativeTarget "ttttTests" */;
			buildPhases = (
				63D2EB861BABF87000F5D56C /* Sources */,
				63D2EB871BABF87000F5D56C /* Frameworks */,
				63D2EB881BABF87000F5D56C /* Resources */,
			);
			buildRules = (
			);
			dependencies = (
				63D2EB8C1BABF87000F5D56C /* PBXTargetDependency */,
			);
			name = ttttTests;
			productName = ttttTests;
			productReference = 63D2EB8A1BABF87000F5D56C /* ttttTests.xctest */;
			productType = "com.apple.product-type.bundle.unit-test";
		};
/* End PBXNativeTarget section */

/* Begin PBXProject section */
		63D2EB6D1BABF87000F5D56C /* Project object */ = {
			isa = PBXProject;
			attributes = {
				LastSwiftMigration = 0700;
				LastSwiftUpdateCheck = 0700;
				LastUpgradeCheck = 0640;
				ORGANIZATIONNAME = Gatsby;
				TargetAttributes = {
					63D2EB741BABF87000F5D56C = {
						CreatedOnToolsVersion = 6.4;
					};
					63D2EB891BABF87000F5D56C = {
						CreatedOnToolsVersion = 6.4;
						TestTargetID = 63D2EB741BABF87000F5D56C;
					};
				};
			};
			buildConfigurationList = 63D2EB701BABF87000F5D56C /* Build configuration list for PBXProject "tttt" */;
			compatibilityVersion = "Xcode 3.2";
			developmentRegion = English;
			hasScannedForEncodings = 0;
			knownRegions = (
				en,
				Base,
			);
			mainGroup = 63D2EB6C1BABF87000F5D56C;
			productRefGroup = 63D2EB761BABF87000F5D56C /* Products */;
			projectDirPath = "";
			projectRoot = "";
			targets = (
				63D2EB741BABF87000F5D56C /* tttt */,
				63D2EB891BABF87000F5D56C /* ttttTests */,
			);
		};
/* End PBXProject section */

/* Begin PBXResourcesBuildPhase section */
		63D2EB731BABF87000F5D56C /* Resources */ = {
			isa = PBXResourcesBuildPhase;
			buildActionMask = 2147483647;
			files = (
				63D2EB801BABF87000F5D56C /* Main.storyboard in Resources */,
				63D2EB851BABF87000F5D56C /* LaunchScreen.xib in Resources */,
				63D2EB821BABF87000F5D56C /* Images.xcassets in Resources */,
			);
			runOnlyForDeploymentPostprocessing = 0;
		};
		63D2EB881BABF87000F5D56C /* Resources */ = {
			isa = PBXResourcesBuildPhase;
			buildActionMask = 2147483647;
			files = (
			);
			runOnlyForDeploymentPostprocessing = 0;
		};
/* End PBXResourcesBuildPhase section */

/* Begin PBXSourcesBuildPhase section */
		63D2EB711BABF87000F5D56C /* Sources */ = {
			isa = PBXSourcesBuildPhase;
			buildActionMask = 2147483647;
			files = (
				63D2EB7D1BABF87000F5D56C /* ViewController.swift in Sources */,
				63D2EB7B1BABF87000F5D56C /* AppDelegate.swift in Sources */,
			);
			runOnlyForDeploymentPostprocessing = 0;
		};
		63D2EB861BABF87000F5D56C /* Sources */ = {
			isa = PBXSourcesBuildPhase;
			buildActionMask = 2147483647;
			files = (
				63D2EB911BABF87000F5D56C /* ttttTests.swift in Sources */,
			);
			runOnlyForDeploymentPostprocessing = 0;
		};
/* End PBXSourcesBuildPhase section */

/* Begin PBXTargetDependency section */
		63D2EB8C1BABF87000F5D56C /* PBXTargetDependency */ = {
			isa = PBXTargetDependency;
			target = 63D2EB741BABF87000F5D56C /* tttt */;
			targetProxy = 63D2EB8B1BABF87000F5D56C /* PBXContainerItemProxy */;
		};
/* End PBXTargetDependency section */

/* Begin PBXVariantGroup section */
		63D2EB7E1BABF87000F5D56C /* Main.storyboard */ = {
			isa = PBXVariantGroup;
			children = (
				63D2EB7F1BABF87000F5D56C /* Base */,
			);
			name = Main.storyboard;
			sourceTree = "<group>";
		};
		63D2EB831BABF87000F5D56C /* LaunchScreen.xib */ = {
			isa = PBXVariantGroup;
			children = (
				63D2EB841BABF87000F5D56C /* Base */,
			);
			name = LaunchScreen.xib;
			sourceTree = "<group>";
		};
/* End PBXVariantGroup section */

/* Begin XCBuildConfiguration section */
		63D2EB921BABF87000F5D56C /* Debug */ = {
			isa = XCBuildConfiguration;
			buildSettings = {
				ALWAYS_SEARCH_USER_PATHS = NO;
				CLANG_CXX_LANGUAGE_STANDARD = "gnu++0x";
				CLANG_CXX_LIBRARY = "libc++";
				CLANG_ENABLE_MODULES = YES;
				CLANG_ENABLE_OBJC_ARC = YES;
				CLANG_WARN_BOOL_CONVERSION = YES;
				CLANG_WARN_CONSTANT_CONVERSION = YES;
				CLANG_WARN_DIRECT_OBJC_ISA_USAGE = YES_ERROR;
				CLANG_WARN_EMPTY_BODY = YES;
				CLANG_WARN_ENUM_CONVERSION = YES;
				CLANG_WARN_INT_CONVERSION = YES;
				CLANG_WARN_OBJC_ROOT_CLASS = YES_ERROR;
				CLANG_WARN_UNREACHABLE_CODE = YES;
				CLANG_WARN__DUPLICATE_METHOD_MATCH = YES;
				"CODE_SIGN_IDENTITY[sdk=iphoneos*]" = "iPhone Developer";
				COPY_PHASE_STRIP = NO;
				DEBUG_INFORMATION_FORMAT = "dwarf-with-dsym";
				ENABLE_STRICT_OBJC_MSGSEND = YES;
				GCC_C_LANGUAGE_STANDARD = gnu99;
				GCC_DYNAMIC_NO_PIC = NO;
				GCC_NO_COMMON_BLOCKS = YES;
				GCC_OPTIMIZATION_LEVEL = 0;
				GCC_PREPROCESSOR_DEFINITIONS = (
					"DEBUG=1",
					"$(inherited)",
				);
				GCC_SYMBOLS_PRIVATE_EXTERN = NO;
				GCC_WARN_64_TO_32_BIT_CONVERSION = YES;
				GCC_WARN_ABOUT_RETURN_TYPE = YES_ERROR;
				GCC_WARN_UNDECLARED_SELECTOR = YES;
				GCC_WARN_UNINITIALIZED_AUTOS = YES_AGGRESSIVE;
				GCC_WARN_UNUSED_FUNCTION = YES;
				GCC_WARN_UNUSED_VARIABLE = YES;
				IPHONEOS_DEPLOYMENT_TARGET = 8.4;
				MTL_ENABLE_DEBUG_INFO = YES;
				ONLY_ACTIVE_ARCH = YES;
				SDKROOT = iphoneos;
				SWIFT_OPTIMIZATION_LEVEL = "-Onone";
				TARGETED_DEVICE_FAMILY = "1,2";
			};
			name = Debug;
		};
		63D2EB931BABF87000F5D56C /* Release */ = {
			isa = XCBuildConfiguration;
			buildSettings = {
				ALWAYS_SEARCH_USER_PATHS = NO;
				CLANG_CXX_LANGUAGE_STANDARD = "gnu++0x";
				CLANG_CXX_LIBRARY = "libc++";
				CLANG_ENABLE_MODULES = YES;
				CLANG_ENABLE_OBJC_ARC = YES;
				CLANG_WARN_BOOL_CONVERSION = YES;
				CLANG_WARN_CONSTANT_CONVERSION = YES;
				CLANG_WARN_DIRECT_OBJC_ISA_USAGE = YES_ERROR;
				CLANG_WARN_EMPTY_BODY = YES;
				CLANG_WARN_ENUM_CONVERSION = YES;
				CLANG_WARN_INT_CONVERSION = YES;
				CLANG_WARN_OBJC_ROOT_CLASS = YES_ERROR;
				CLANG_WARN_UNREACHABLE_CODE = YES;
				CLANG_WARN__DUPLICATE_METHOD_MATCH = YES;
				"CODE_SIGN_IDENTITY[sdk=iphoneos*]" = "iPhone Developer";
				COPY_PHASE_STRIP = NO;
				DEBUG_INFORMATION_FORMAT = "dwarf-with-dsym";
				ENABLE_NS_ASSERTIONS = NO;
				ENABLE_STRICT_OBJC_MSGSEND = YES;
				GCC_C_LANGUAGE_STANDARD = gnu99;
				GCC_NO_COMMON_BLOCKS = YES;
				GCC_WARN_64_TO_32_BIT_CONVERSION = YES;
				GCC_WARN_ABOUT_RETURN_TYPE = YES_ERROR;
				GCC_WARN_UNDECLARED_SELECTOR = YES;
				GCC_WARN_UNINITIALIZED_AUTOS = YES_AGGRESSIVE;
				GCC_WARN_UNUSED_FUNCTION = YES;
				GCC_WARN_UNUSED_VARIABLE = YES;
				IPHONEOS_DEPLOYMENT_TARGET = 8.4;
				MTL_ENABLE_DEBUG_INFO = NO;
				SDKROOT = iphoneos;
				TARGETED_DEVICE_FAMILY = "1,2";
				VALIDATE_PRODUCT = YES;
			};
			name = Release;
		};
		63D2EB951BABF87000F5D56C /* Debug */ = {
			isa = XCBuildConfiguration;
			buildSettings = {
				ASSETCATALOG_COMPILER_APPICON_NAME = AppIcon;
				INFOPLIST_FILE = tttt/Info.plist;
				LD_RUNPATH_SEARCH_PATHS = "$(inherited) @executable_path/Frameworks";
				PRODUCT_NAME = "$(TARGET_NAME)";
			};
			name = Debug;
		};
		63D2EB961BABF87000F5D56C /* Release */ = {
			isa = XCBuildConfiguration;
			buildSettings = {
				ASSETCATALOG_COMPILER_APPICON_NAME = AppIcon;
				INFOPLIST_FILE = tttt/Info.plist;
				LD_RUNPATH_SEARCH_PATHS = "$(inherited) @executable_path/Frameworks";
				PRODUCT_NAME = "$(TARGET_NAME)";
			};
			name = Release;
		};
		63D2EB981BABF87000F5D56C /* Debug */ = {
			isa = XCBuildConfiguration;
			buildSettings = {
				BUNDLE_LOADER = "$(TEST_HOST)";
				FRAMEWORK_SEARCH_PATHS = (
					"$(SDKROOT)/Developer/Library/Frameworks",
					"$(inherited)",
				);
				GCC_PREPROCESSOR_DEFINITIONS = (
					"DEBUG=1",
					"$(inherited)",
				);
				INFOPLIST_FILE = ttttTests/Info.plist;
				LD_RUNPATH_SEARCH_PATHS = "$(inherited) @executable_path/Frameworks @loader_path/Frameworks";
				PRODUCT_NAME = "$(TARGET_NAME)";
				TEST_HOST = "$(BUILT_PRODUCTS_DIR)/tttt.app/tttt";
			};
			name = Debug;
		};
		63D2EB991BABF87000F5D56C /* Release */ = {
			isa = XCBuildConfiguration;
			buildSettings = {
				BUNDLE_LOADER = "$(TEST_HOST)";
				FRAMEWORK_SEARCH_PATHS = (
					"$(SDKROOT)/Developer/Library/Frameworks",
					"$(inherited)",
				);
				INFOPLIST_FILE = ttttTests/Info.plist;
				LD_RUNPATH_SEARCH_PATHS = "$(inherited) @executable_path/Frameworks @loader_path/Frameworks";
				PRODUCT_NAME = "$(TARGET_NAME)";
				TEST_HOST = "$(BUILT_PRODUCTS_DIR)/tttt.app/tttt";
			};
			name = Release;
		};
/* End XCBuildConfiguration section */

/* Begin XCConfigurationList section */
		63D2EB701BABF87000F5D56C /* Build configuration list for PBXProject "tttt" */ = {
			isa = XCConfigurationList;
			buildConfigurations = (
				63D2EB921BABF87000F5D56C /* Debug */,
				63D2EB931BABF87000F5D56C /* Release */,
			);
			defaultConfigurationIsVisible = 0;
			defaultConfigurationName = Release;
		};
		63D2EB941BABF87000F5D56C /* Build configuration list for PBXNativeTarget "tttt" */ = {
			isa = XCConfigurationList;
			buildConfigurations = (
				63D2EB951BABF87000F5D56C /* Debug */,
				63D2EB961BABF87000F5D56C /* Release */,
			);
			defaultConfigurationIsVisible = 0;
			defaultConfigurationName = Release;
		};
		63D2EB971BABF87000F5D56C /* Build configuration list for PBXNativeTarget "ttttTests" */ = {
			isa = XCConfigurationList;
			buildConfigurations = (
				63D2EB981BABF87000F5D56C /* Debug */,
				63D2EB991BABF87000F5D56C /* Release */,
			);
			defaultConfigurationIsVisible = 0;
			defaultConfigurationName = Release;
		};
/* End XCConfigurationList section */
	};
	rootObject = 63D2EB6D1BABF87000F5D56C /* Project object */;
}
